// !$*UTF8*$!
{
	archiveVersion = 1;
	classes = {
	};
	objectVersion = 50;
	objects = {

/* Begin PBXBuildFile section */
		68EA75D8214656C00029D0DA /* AppDelegate.swift in Sources */ = {isa = PBXBuildFile; fileRef = 68EA75D7214656C00029D0DA /* AppDelegate.swift */; };
		68EA75DD214656C00029D0DA /* Main.storyboard in Resources */ = {isa = PBXBuildFile; fileRef = 68EA75DB214656C00029D0DA /* Main.storyboard */; };
		68EA75DF214656C00029D0DA /* Assets.xcassets in Resources */ = {isa = PBXBuildFile; fileRef = 68EA75DE214656C00029D0DA /* Assets.xcassets */; };
		68EA75E2214656C00029D0DA /* LaunchScreen.storyboard in Resources */ = {isa = PBXBuildFile; fileRef = 68EA75E0214656C00029D0DA /* LaunchScreen.storyboard */; };
		68EA75ED214656C10029D0DA /* TaskTests.swift in Sources */ = {isa = PBXBuildFile; fileRef = 68EA75EC214656C10029D0DA /* TaskTests.swift */; };
		68EA75F8214656C10029D0DA /* TaskUITests.swift in Sources */ = {isa = PBXBuildFile; fileRef = 68EA75F7214656C10029D0DA /* TaskUITests.swift */; };
		68EA760721465C240029D0DA /* User.swift in Sources */ = {isa = PBXBuildFile; fileRef = 68EA760621465C240029D0DA /* User.swift */; };
		68EA760921465E710029D0DA /* Address.swift in Sources */ = {isa = PBXBuildFile; fileRef = 68EA760821465E710029D0DA /* Address.swift */; };
		68EA760B21465E8B0029D0DA /* Geo.swift in Sources */ = {isa = PBXBuildFile; fileRef = 68EA760A21465E8B0029D0DA /* Geo.swift */; };
		68EA760D21465E940029D0DA /* Company.swift in Sources */ = {isa = PBXBuildFile; fileRef = 68EA760C21465E940029D0DA /* Company.swift */; };
		68EA760F2146BC520029D0DA /* UsersViewController.swift in Sources */ = {isa = PBXBuildFile; fileRef = 68EA760E2146BC520029D0DA /* UsersViewController.swift */; };
		68EA76112146BC840029D0DA /* UserViewController.swift in Sources */ = {isa = PBXBuildFile; fileRef = 68EA76102146BC840029D0DA /* UserViewController.swift */; };
		68EA76132146BC960029D0DA /* PhotosViewController.swift in Sources */ = {isa = PBXBuildFile; fileRef = 68EA76122146BC960029D0DA /* PhotosViewController.swift */; };
		68EA76152146BCA20029D0DA /* PhotoViewController.swift in Sources */ = {isa = PBXBuildFile; fileRef = 68EA76142146BCA20029D0DA /* PhotoViewController.swift */; };
		68EA761B2146BEB30029D0DA /* UserTableViewCell.swift in Sources */ = {isa = PBXBuildFile; fileRef = 68EA76192146BEB30029D0DA /* UserTableViewCell.swift */; };
		68EA761C2146BEB30029D0DA /* UserTableViewCell.xib in Resources */ = {isa = PBXBuildFile; fileRef = 68EA761A2146BEB30029D0DA /* UserTableViewCell.xib */; };
		68EA761F2146BEC30029D0DA /* PhotoTableViewCell.swift in Sources */ = {isa = PBXBuildFile; fileRef = 68EA761D2146BEC30029D0DA /* PhotoTableViewCell.swift */; };
		68EA76202146BEC30029D0DA /* PhotoTableViewCell.xib in Resources */ = {isa = PBXBuildFile; fileRef = 68EA761E2146BEC30029D0DA /* PhotoTableViewCell.xib */; };
		68EA76232146C2710029D0DA /* APIRouter.swift in Sources */ = {isa = PBXBuildFile; fileRef = 68EA76222146C2710029D0DA /* APIRouter.swift */; };
		68EA762521475B540029D0DA /* Photo.swift in Sources */ = {isa = PBXBuildFile; fileRef = 68EA762421475B540029D0DA /* Photo.swift */; };
		CFA7659047A8AF61416E2479 /* Pods_Task.framework in Frameworks */ = {isa = PBXBuildFile; fileRef = 09D9BACCFD5FDD147E403213 /* Pods_Task.framework */; };
/* End PBXBuildFile section */

/* Begin PBXContainerItemProxy section */
		68EA75E9214656C10029D0DA /* PBXContainerItemProxy */ = {
			isa = PBXContainerItemProxy;
			containerPortal = 68EA75CC214656C00029D0DA /* Project object */;
			proxyType = 1;
			remoteGlobalIDString = 68EA75D3214656C00029D0DA;
			remoteInfo = Task;
		};
		68EA75F4214656C10029D0DA /* PBXContainerItemProxy */ = {
			isa = PBXContainerItemProxy;
			containerPortal = 68EA75CC214656C00029D0DA /* Project object */;
			proxyType = 1;
			remoteGlobalIDString = 68EA75D3214656C00029D0DA;
			remoteInfo = Task;
		};
/* End PBXContainerItemProxy section */

/* Begin PBXFileReference section */
		09D9BACCFD5FDD147E403213 /* Pods_Task.framework */ = {isa = PBXFileReference; explicitFileType = wrapper.framework; includeInIndex = 0; path = Pods_Task.framework; sourceTree = BUILT_PRODUCTS_DIR; };
		68EA75D4214656C00029D0DA /* Task.app */ = {isa = PBXFileReference; explicitFileType = wrapper.application; includeInIndex = 0; path = Task.app; sourceTree = BUILT_PRODUCTS_DIR; };
		68EA75D7214656C00029D0DA /* AppDelegate.swift */ = {isa = PBXFileReference; lastKnownFileType = sourcecode.swift; path = AppDelegate.swift; sourceTree = "<group>"; };
		68EA75DC214656C00029D0DA /* Base */ = {isa = PBXFileReference; lastKnownFileType = file.storyboard; name = Base; path = Base.lproj/Main.storyboard; sourceTree = "<group>"; };
		68EA75DE214656C00029D0DA /* Assets.xcassets */ = {isa = PBXFileReference; lastKnownFileType = folder.assetcatalog; path = Assets.xcassets; sourceTree = "<group>"; };
		68EA75E1214656C00029D0DA /* Base */ = {isa = PBXFileReference; lastKnownFileType = file.storyboard; name = Base; path = Base.lproj/LaunchScreen.storyboard; sourceTree = "<group>"; };
		68EA75E3214656C00029D0DA /* Info.plist */ = {isa = PBXFileReference; lastKnownFileType = text.plist.xml; path = Info.plist; sourceTree = "<group>"; };
		68EA75E8214656C10029D0DA /* TaskTests.xctest */ = {isa = PBXFileReference; explicitFileType = wrapper.cfbundle; includeInIndex = 0; path = TaskTests.xctest; sourceTree = BUILT_PRODUCTS_DIR; };
		68EA75EC214656C10029D0DA /* TaskTests.swift */ = {isa = PBXFileReference; lastKnownFileType = sourcecode.swift; path = TaskTests.swift; sourceTree = "<group>"; };
		68EA75EE214656C10029D0DA /* Info.plist */ = {isa = PBXFileReference; lastKnownFileType = text.plist.xml; path = Info.plist; sourceTree = "<group>"; };
		68EA75F3214656C10029D0DA /* TaskUITests.xctest */ = {isa = PBXFileReference; explicitFileType = wrapper.cfbundle; includeInIndex = 0; path = TaskUITests.xctest; sourceTree = BUILT_PRODUCTS_DIR; };
		68EA75F7214656C10029D0DA /* TaskUITests.swift */ = {isa = PBXFileReference; lastKnownFileType = sourcecode.swift; path = TaskUITests.swift; sourceTree = "<group>"; };
		68EA75F9214656C10029D0DA /* Info.plist */ = {isa = PBXFileReference; lastKnownFileType = text.plist.xml; path = Info.plist; sourceTree = "<group>"; };
		68EA760621465C240029D0DA /* User.swift */ = {isa = PBXFileReference; lastKnownFileType = sourcecode.swift; path = User.swift; sourceTree = "<group>"; };
		68EA760821465E710029D0DA /* Address.swift */ = {isa = PBXFileReference; lastKnownFileType = sourcecode.swift; path = Address.swift; sourceTree = "<group>"; };
		68EA760A21465E8B0029D0DA /* Geo.swift */ = {isa = PBXFileReference; lastKnownFileType = sourcecode.swift; path = Geo.swift; sourceTree = "<group>"; };
		68EA760C21465E940029D0DA /* Company.swift */ = {isa = PBXFileReference; lastKnownFileType = sourcecode.swift; path = Company.swift; sourceTree = "<group>"; };
		68EA760E2146BC520029D0DA /* UsersViewController.swift */ = {isa = PBXFileReference; lastKnownFileType = sourcecode.swift; path = UsersViewController.swift; sourceTree = "<group>"; };
		68EA76102146BC840029D0DA /* UserViewController.swift */ = {isa = PBXFileReference; lastKnownFileType = sourcecode.swift; path = UserViewController.swift; sourceTree = "<group>"; };
		68EA76122146BC960029D0DA /* PhotosViewController.swift */ = {isa = PBXFileReference; lastKnownFileType = sourcecode.swift; path = PhotosViewController.swift; sourceTree = "<group>"; };
		68EA76142146BCA20029D0DA /* PhotoViewController.swift */ = {isa = PBXFileReference; lastKnownFileType = sourcecode.swift; path = PhotoViewController.swift; sourceTree = "<group>"; };
		68EA76192146BEB30029D0DA /* UserTableViewCell.swift */ = {isa = PBXFileReference; lastKnownFileType = sourcecode.swift; path = UserTableViewCell.swift; sourceTree = "<group>"; };
		68EA761A2146BEB30029D0DA /* UserTableViewCell.xib */ = {isa = PBXFileReference; lastKnownFileType = file.xib; path = UserTableViewCell.xib; sourceTree = "<group>"; };
		68EA761D2146BEC30029D0DA /* PhotoTableViewCell.swift */ = {isa = PBXFileReference; lastKnownFileType = sourcecode.swift; path = PhotoTableViewCell.swift; sourceTree = "<group>"; };
		68EA761E2146BEC30029D0DA /* PhotoTableViewCell.xib */ = {isa = PBXFileReference; lastKnownFileType = file.xib; path = PhotoTableViewCell.xib; sourceTree = "<group>"; };
		68EA76222146C2710029D0DA /* APIRouter.swift */ = {isa = PBXFileReference; lastKnownFileType = sourcecode.swift; path = APIRouter.swift; sourceTree = "<group>"; };
		68EA762421475B540029D0DA /* Photo.swift */ = {isa = PBXFileReference; lastKnownFileType = sourcecode.swift; path = Photo.swift; sourceTree = "<group>"; };
		A72960A0F6C66BDB09216F07 /* Pods_TaskTests.framework */ = {isa = PBXFileReference; explicitFileType = wrapper.framework; includeInIndex = 0; path = Pods_TaskTests.framework; sourceTree = BUILT_PRODUCTS_DIR; };
		B24E4710AE1B15521137D88B /* Pods-Task.debug.xcconfig */ = {isa = PBXFileReference; includeInIndex = 1; lastKnownFileType = text.xcconfig; name = "Pods-Task.debug.xcconfig"; path = "Pods/Target Support Files/Pods-Task/Pods-Task.debug.xcconfig"; sourceTree = "<group>"; };
		EB9E1242FFA6F7AB6242AA68 /* Pods_TaskUITests.framework */ = {isa = PBXFileReference; explicitFileType = wrapper.framework; includeInIndex = 0; path = Pods_TaskUITests.framework; sourceTree = BUILT_PRODUCTS_DIR; };
		F7DF273BFB6117E403AA78AA /* Pods-Task.release.xcconfig */ = {isa = PBXFileReference; includeInIndex = 1; lastKnownFileType = text.xcconfig; name = "Pods-Task.release.xcconfig"; path = "Pods/Target Support Files/Pods-Task/Pods-Task.release.xcconfig"; sourceTree = "<group>"; };
/* End PBXFileReference section */

/* Begin PBXFrameworksBuildPhase section */
		68EA75D1214656C00029D0DA /* Frameworks */ = {
			isa = PBXFrameworksBuildPhase;
			buildActionMask = 2147483647;
			files = (
				CFA7659047A8AF61416E2479 /* Pods_Task.framework in Frameworks */,
			);
			runOnlyForDeploymentPostprocessing = 0;
		};
		68EA75E5214656C10029D0DA /* Frameworks */ = {
			isa = PBXFrameworksBuildPhase;
			buildActionMask = 2147483647;
			files = (
			);
			runOnlyForDeploymentPostprocessing = 0;
		};
		68EA75F0214656C10029D0DA /* Frameworks */ = {
			isa = PBXFrameworksBuildPhase;
			buildActionMask = 2147483647;
			files = (
			);
			runOnlyForDeploymentPostprocessing = 0;
		};
/* End PBXFrameworksBuildPhase section */

/* Begin PBXGroup section */
		51BFC571B4F7726EE4604A3B /* Pods */ = {
			isa = PBXGroup;
			children = (
				B24E4710AE1B15521137D88B /* Pods-Task.debug.xcconfig */,
				F7DF273BFB6117E403AA78AA /* Pods-Task.release.xcconfig */,
			);
			name = Pods;
			sourceTree = "<group>";
		};
		68EA75CB214656C00029D0DA = {
			isa = PBXGroup;
			children = (
				68EA75D6214656C00029D0DA /* Task */,
				68EA75EB214656C10029D0DA /* TaskTests */,
				68EA75F6214656C10029D0DA /* TaskUITests */,
				68EA75D5214656C00029D0DA /* Products */,
				51BFC571B4F7726EE4604A3B /* Pods */,
				ABFB87D7BD7AB6F52005594E /* Frameworks */,
			);
			sourceTree = "<group>";
		};
		68EA75D5214656C00029D0DA /* Products */ = {
			isa = PBXGroup;
			children = (
				68EA75D4214656C00029D0DA /* Task.app */,
				68EA75E8214656C10029D0DA /* TaskTests.xctest */,
				68EA75F3214656C10029D0DA /* TaskUITests.xctest */,
			);
			name = Products;
			sourceTree = "<group>";
		};
		68EA75D6214656C00029D0DA /* Task */ = {
			isa = PBXGroup;
			children = (
				68EA76212146C2550029D0DA /* Router */,
				68EA76172146BCE60029D0DA /* Storyboard */,
				68EA76162146BCB70029D0DA /* View */,
				68EA760521465C110029D0DA /* Model */,
				68EA75D7214656C00029D0DA /* AppDelegate.swift */,
				68EA75DE214656C00029D0DA /* Assets.xcassets */,
				68EA75E3214656C00029D0DA /* Info.plist */,
			);
			path = Task;
			sourceTree = "<group>";
		};
		68EA75EB214656C10029D0DA /* TaskTests */ = {
			isa = PBXGroup;
			children = (
				68EA75EC214656C10029D0DA /* TaskTests.swift */,
				68EA75EE214656C10029D0DA /* Info.plist */,
			);
			path = TaskTests;
			sourceTree = "<group>";
		};
		68EA75F6214656C10029D0DA /* TaskUITests */ = {
			isa = PBXGroup;
			children = (
				68EA75F7214656C10029D0DA /* TaskUITests.swift */,
				68EA75F9214656C10029D0DA /* Info.plist */,
			);
			path = TaskUITests;
			sourceTree = "<group>";
		};
		68EA760521465C110029D0DA /* Model */ = {
			isa = PBXGroup;
			children = (
				68EA760621465C240029D0DA /* User.swift */,
				68EA760821465E710029D0DA /* Address.swift */,
				68EA760A21465E8B0029D0DA /* Geo.swift */,
				68EA760C21465E940029D0DA /* Company.swift */,
				68EA762421475B540029D0DA /* Photo.swift */,
			);
			path = Model;
			sourceTree = "<group>";
		};
		68EA76162146BCB70029D0DA /* View */ = {
			isa = PBXGroup;
			children = (
				68EA76182146BE970029D0DA /* Nib Files */,
				68EA760E2146BC520029D0DA /* UsersViewController.swift */,
				68EA76102146BC840029D0DA /* UserViewController.swift */,
				68EA76122146BC960029D0DA /* PhotosViewController.swift */,
				68EA76142146BCA20029D0DA /* PhotoViewController.swift */,
			);
			path = View;
			sourceTree = "<group>";
		};
		68EA76172146BCE60029D0DA /* Storyboard */ = {
			isa = PBXGroup;
			children = (
				68EA75DB214656C00029D0DA /* Main.storyboard */,
				68EA75E0214656C00029D0DA /* LaunchScreen.storyboard */,
			);
			path = Storyboard;
			sourceTree = "<group>";
		};
		68EA76182146BE970029D0DA /* Nib Files */ = {
			isa = PBXGroup;
			children = (
				68EA76192146BEB30029D0DA /* UserTableViewCell.swift */,
				68EA761A2146BEB30029D0DA /* UserTableViewCell.xib */,
				68EA761D2146BEC30029D0DA /* PhotoTableViewCell.swift */,
				68EA761E2146BEC30029D0DA /* PhotoTableViewCell.xib */,
			);
			path = "Nib Files";
			sourceTree = "<group>";
		};
		68EA76212146C2550029D0DA /* Router */ = {
			isa = PBXGroup;
			children = (
				68EA76222146C2710029D0DA /* APIRouter.swift */,
			);
			path = Router;
			sourceTree = "<group>";
		};
		ABFB87D7BD7AB6F52005594E /* Frameworks */ = {
			isa = PBXGroup;
			children = (
				09D9BACCFD5FDD147E403213 /* Pods_Task.framework */,
				A72960A0F6C66BDB09216F07 /* Pods_TaskTests.framework */,
				EB9E1242FFA6F7AB6242AA68 /* Pods_TaskUITests.framework */,
			);
			name = Frameworks;
			sourceTree = "<group>";
		};
/* End PBXGroup section */

/* Begin PBXNativeTarget section */
		68EA75D3214656C00029D0DA /* Task */ = {
			isa = PBXNativeTarget;
			buildConfigurationList = 68EA75FC214656C10029D0DA /* Build configuration list for PBXNativeTarget "Task" */;
			buildPhases = (
				53725D47F747603B6B7B5CF4 /* [CP] Check Pods Manifest.lock */,
				68EA75D0214656C00029D0DA /* Sources */,
				68EA75D1214656C00029D0DA /* Frameworks */,
				68EA75D2214656C00029D0DA /* Resources */,
				157DB9E8BABD9400BE5BD746 /* [CP] Embed Pods Frameworks */,
			);
			buildRules = (
			);
			dependencies = (
			);
			name = Task;
			productName = Task;
			productReference = 68EA75D4214656C00029D0DA /* Task.app */;
			productType = "com.apple.product-type.application";
		};
		68EA75E7214656C10029D0DA /* TaskTests */ = {
			isa = PBXNativeTarget;
			buildConfigurationList = 68EA75FF214656C10029D0DA /* Build configuration list for PBXNativeTarget "TaskTests" */;
			buildPhases = (
				68EA75E4214656C10029D0DA /* Sources */,
				68EA75E5214656C10029D0DA /* Frameworks */,
				68EA75E6214656C10029D0DA /* Resources */,
			);
			buildRules = (
			);
			dependencies = (
				68EA75EA214656C10029D0DA /* PBXTargetDependency */,
			);
			name = TaskTests;
			productName = TaskTests;
			productReference = 68EA75E8214656C10029D0DA /* TaskTests.xctest */;
			productType = "com.apple.product-type.bundle.unit-test";
		};
		68EA75F2214656C10029D0DA /* TaskUITests */ = {
			isa = PBXNativeTarget;
			buildConfigurationList = 68EA7602214656C10029D0DA /* Build configuration list for PBXNativeTarget "TaskUITests" */;
			buildPhases = (
				68EA75EF214656C10029D0DA /* Sources */,
				68EA75F0214656C10029D0DA /* Frameworks */,
				68EA75F1214656C10029D0DA /* Resources */,
			);
			buildRules = (
			);
			dependencies = (
				68EA75F5214656C10029D0DA /* PBXTargetDependency */,
			);
			name = TaskUITests;
			productName = TaskUITests;
			productReference = 68EA75F3214656C10029D0DA /* TaskUITests.xctest */;
			productType = "com.apple.product-type.bundle.ui-testing";
		};
/* End PBXNativeTarget section */

/* Begin PBXProject section */
		68EA75CC214656C00029D0DA /* Project object */ = {
			isa = PBXProject;
			attributes = {
				LastSwiftUpdateCheck = 0940;
				LastUpgradeCheck = 0940;
				ORGANIZATIONNAME = Radix;
				TargetAttributes = {
					68EA75D3214656C00029D0DA = {
						CreatedOnToolsVersion = 9.4.1;
					};
					68EA75E7214656C10029D0DA = {
						CreatedOnToolsVersion = 9.4.1;
						TestTargetID = 68EA75D3214656C00029D0DA;
					};
					68EA75F2214656C10029D0DA = {
						CreatedOnToolsVersion = 9.4.1;
						TestTargetID = 68EA75D3214656C00029D0DA;
					};
				};
			};
			buildConfigurationList = 68EA75CF214656C00029D0DA /* Build configuration list for PBXProject "Task" */;
			compatibilityVersion = "Xcode 9.3";
			developmentRegion = en;
			hasScannedForEncodings = 0;
			knownRegions = (
				en,
				Base,
			);
			mainGroup = 68EA75CB214656C00029D0DA;
			productRefGroup = 68EA75D5214656C00029D0DA /* Products */;
			projectDirPath = "";
			projectRoot = "";
			targets = (
				68EA75D3214656C00029D0DA /* Task */,
				68EA75E7214656C10029D0DA /* TaskTests */,
				68EA75F2214656C10029D0DA /* TaskUITests */,
			);
		};
/* End PBXProject section */

/* Begin PBXResourcesBuildPhase section */
		68EA75D2214656C00029D0DA /* Resources */ = {
			isa = PBXResourcesBuildPhase;
			buildActionMask = 2147483647;
			files = (
				68EA761C2146BEB30029D0DA /* UserTableViewCell.xib in Resources */,
				68EA75E2214656C00029D0DA /* LaunchScreen.storyboard in Resources */,
				68EA76202146BEC30029D0DA /* PhotoTableViewCell.xib in Resources */,
				68EA75DF214656C00029D0DA /* Assets.xcassets in Resources */,
				68EA75DD214656C00029D0DA /* Main.storyboard in Resources */,
			);
			runOnlyForDeploymentPostprocessing = 0;
		};
		68EA75E6214656C10029D0DA /* Resources */ = {
			isa = PBXResourcesBuildPhase;
			buildActionMask = 2147483647;
			files = (
			);
			runOnlyForDeploymentPostprocessing = 0;
		};
		68EA75F1214656C10029D0DA /* Resources */ = {
			isa = PBXResourcesBuildPhase;
			buildActionMask = 2147483647;
			files = (
			);
			runOnlyForDeploymentPostprocessing = 0;
		};
/* End PBXResourcesBuildPhase section */

/* Begin PBXShellScriptBuildPhase section */
		157DB9E8BABD9400BE5BD746 /* [CP] Embed Pods Frameworks */ = {
			isa = PBXShellScriptBuildPhase;
			buildActionMask = 2147483647;
			files = (
			);
			inputPaths = (
				"${SRCROOT}/Pods/Target Support Files/Pods-Task/Pods-Task-frameworks.sh",
				"${BUILT_PRODUCTS_DIR}/Alamofire/Alamofire.framework",
				"${BUILT_PRODUCTS_DIR}/SDWebImage/SDWebImage.framework",
			);
			name = "[CP] Embed Pods Frameworks";
			outputPaths = (
				"${TARGET_BUILD_DIR}/${FRAMEWORKS_FOLDER_PATH}/Alamofire.framework",
				"${TARGET_BUILD_DIR}/${FRAMEWORKS_FOLDER_PATH}/SDWebImage.framework",
			);
			runOnlyForDeploymentPostprocessing = 0;
			shellPath = /bin/sh;
			shellScript = "\"${SRCROOT}/Pods/Target Support Files/Pods-Task/Pods-Task-frameworks.sh\"\n";
			showEnvVarsInLog = 0;
		};
		53725D47F747603B6B7B5CF4 /* [CP] Check Pods Manifest.lock */ = {
			isa = PBXShellScriptBuildPhase;
			buildActionMask = 2147483647;
			files = (
			);
			inputPaths = (
				"${PODS_PODFILE_DIR_PATH}/Podfile.lock",
				"${PODS_ROOT}/Manifest.lock",
			);
			name = "[CP] Check Pods Manifest.lock";
			outputPaths = (
				"$(DERIVED_FILE_DIR)/Pods-Task-checkManifestLockResult.txt",
			);
			runOnlyForDeploymentPostprocessing = 0;
			shellPath = /bin/sh;
			shellScript = "diff \"${PODS_PODFILE_DIR_PATH}/Podfile.lock\" \"${PODS_ROOT}/Manifest.lock\" > /dev/null\nif [ $? != 0 ] ; then\n    # print error to STDERR\n    echo \"error: The sandbox is not in sync with the Podfile.lock. Run 'pod install' or update your CocoaPods installation.\" >&2\n    exit 1\nfi\n# This output is used by Xcode 'outputs' to avoid re-running this script phase.\necho \"SUCCESS\" > \"${SCRIPT_OUTPUT_FILE_0}\"\n";
			showEnvVarsInLog = 0;
		};
/* End PBXShellScriptBuildPhase section */

/* Begin PBXSourcesBuildPhase section */
		68EA75D0214656C00029D0DA /* Sources */ = {
			isa = PBXSourcesBuildPhase;
			buildActionMask = 2147483647;
			files = (
				68EA762521475B540029D0DA /* Photo.swift in Sources */,
				68EA76132146BC960029D0DA /* PhotosViewController.swift in Sources */,
				68EA761B2146BEB30029D0DA /* UserTableViewCell.swift in Sources */,
				68EA76112146BC840029D0DA /* UserViewController.swift in Sources */,
				68EA760F2146BC520029D0DA /* UsersViewController.swift in Sources */,
				68EA75D8214656C00029D0DA /* AppDelegate.swift in Sources */,
				68EA760921465E710029D0DA /* Address.swift in Sources */,
				68EA760721465C240029D0DA /* User.swift in Sources */,
				68EA76232146C2710029D0DA /* APIRouter.swift in Sources */,
				68EA761F2146BEC30029D0DA /* PhotoTableViewCell.swift in Sources */,
				68EA760B21465E8B0029D0DA /* Geo.swift in Sources */,
				68EA760D21465E940029D0DA /* Company.swift in Sources */,
				68EA76152146BCA20029D0DA /* PhotoViewController.swift in Sources */,
			);
			runOnlyForDeploymentPostprocessing = 0;
		};
		68EA75E4214656C10029D0DA /* Sources */ = {
			isa = PBXSourcesBuildPhase;
			buildActionMask = 2147483647;
			files = (
				68EA75ED214656C10029D0DA /* TaskTests.swift in Sources */,
			);
			runOnlyForDeploymentPostprocessing = 0;
		};
		68EA75EF214656C10029D0DA /* Sources */ = {
			isa = PBXSourcesBuildPhase;
			buildActionMask = 2147483647;
			files = (
				68EA75F8214656C10029D0DA /* TaskUITests.swift in Sources */,
			);
			runOnlyForDeploymentPostprocessing = 0;
		};
/* End PBXSourcesBuildPhase section */

/* Begin PBXTargetDependency section */
		68EA75EA214656C10029D0DA /* PBXTargetDependency */ = {
			isa = PBXTargetDependency;
			target = 68EA75D3214656C00029D0DA /* Task */;
			targetProxy = 68EA75E9214656C10029D0DA /* PBXContainerItemProxy */;
		};
		68EA75F5214656C10029D0DA /* PBXTargetDependency */ = {
			isa = PBXTargetDependency;
			target = 68EA75D3214656C00029D0DA /* Task */;
			targetProxy = 68EA75F4214656C10029D0DA /* PBXContainerItemProxy */;
		};
/* End PBXTargetDependency section */

/* Begin PBXVariantGroup section */
		68EA75DB214656C00029D0DA /* Main.storyboard */ = {
			isa = PBXVariantGroup;
			children = (
				68EA75DC214656C00029D0DA /* Base */,
			);
			name = Main.storyboard;
			sourceTree = "<group>";
		};
		68EA75E0214656C00029D0DA /* LaunchScreen.storyboard */ = {
			isa = PBXVariantGroup;
			children = (
				68EA75E1214656C00029D0DA /* Base */,
			);
			name = LaunchScreen.storyboard;
			sourceTree = "<group>";
		};
/* End PBXVariantGroup section */

/* Begin XCBuildConfiguration section */
		68EA75FA214656C10029D0DA /* Debug */ = {
			isa = XCBuildConfiguration;
			buildSettings = {
				ALWAYS_SEARCH_USER_PATHS = NO;
				CLANG_ANALYZER_NONNULL = YES;
				CLANG_ANALYZER_NUMBER_OBJECT_CONVERSION = YES_AGGRESSIVE;
				CLANG_CXX_LANGUAGE_STANDARD = "gnu++14";
				CLANG_CXX_LIBRARY = "libc++";
				CLANG_ENABLE_MODULES = YES;
				CLANG_ENABLE_OBJC_ARC = YES;
				CLANG_ENABLE_OBJC_WEAK = YES;
				CLANG_WARN_BLOCK_CAPTURE_AUTORELEASING = YES;
				CLANG_WARN_BOOL_CONVERSION = YES;
				CLANG_WARN_COMMA = YES;
				CLANG_WARN_CONSTANT_CONVERSION = YES;
				CLANG_WARN_DEPRECATED_OBJC_IMPLEMENTATIONS = YES;
				CLANG_WARN_DIRECT_OBJC_ISA_USAGE = YES_ERROR;
				CLANG_WARN_DOCUMENTATION_COMMENTS = YES;
				CLANG_WARN_EMPTY_BODY = YES;
				CLANG_WARN_ENUM_CONVERSION = YES;
				CLANG_WARN_INFINITE_RECURSION = YES;
				CLANG_WARN_INT_CONVERSION = YES;
				CLANG_WARN_NON_LITERAL_NULL_CONVERSION = YES;
				CLANG_WARN_OBJC_IMPLICIT_RETAIN_SELF = YES;
				CLANG_WARN_OBJC_LITERAL_CONVERSION = YES;
				CLANG_WARN_OBJC_ROOT_CLASS = YES_ERROR;
				CLANG_WARN_RANGE_LOOP_ANALYSIS = YES;
				CLANG_WARN_STRICT_PROTOTYPES = YES;
				CLANG_WARN_SUSPICIOUS_MOVE = YES;
				CLANG_WARN_UNGUARDED_AVAILABILITY = YES_AGGRESSIVE;
				CLANG_WARN_UNREACHABLE_CODE = YES;
				CLANG_WARN__DUPLICATE_METHOD_MATCH = YES;
				CODE_SIGN_IDENTITY = "iPhone Developer";
				COPY_PHASE_STRIP = NO;
				DEBUG_INFORMATION_FORMAT = dwarf;
				ENABLE_STRICT_OBJC_MSGSEND = YES;
				ENABLE_TESTABILITY = YES;
				GCC_C_LANGUAGE_STANDARD = gnu11;
				GCC_DYNAMIC_NO_PIC = NO;
				GCC_NO_COMMON_BLOCKS = YES;
				GCC_OPTIMIZATION_LEVEL = 0;
				GCC_PREPROCESSOR_DEFINITIONS = (
					"DEBUG=1",
					"$(inherited)",
				);
				GCC_WARN_64_TO_32_BIT_CONVERSION = YES;
				GCC_WARN_ABOUT_RETURN_TYPE = YES_ERROR;
				GCC_WARN_UNDECLARED_SELECTOR = YES;
				GCC_WARN_UNINITIALIZED_AUTOS = YES_AGGRESSIVE;
				GCC_WARN_UNUSED_FUNCTION = YES;
				GCC_WARN_UNUSED_VARIABLE = YES;
				IPHONEOS_DEPLOYMENT_TARGET = 11.4;
				MTL_ENABLE_DEBUG_INFO = YES;
				ONLY_ACTIVE_ARCH = YES;
				SDKROOT = iphoneos;
				SWIFT_ACTIVE_COMPILATION_CONDITIONS = DEBUG;
				SWIFT_OPTIMIZATION_LEVEL = "-Onone";
			};
			name = Debug;
		};
		68EA75FB214656C10029D0DA /* Release */ = {
			isa = XCBuildConfiguration;
			buildSettings = {
				ALWAYS_SEARCH_USER_PATHS = NO;
				CLANG_ANALYZER_NONNULL = YES;
				CLANG_ANALYZER_NUMBER_OBJECT_CONVERSION = YES_AGGRESSIVE;
				CLANG_CXX_LANGUAGE_STANDARD = "gnu++14";
				CLANG_CXX_LIBRARY = "libc++";
				CLANG_ENABLE_MODULES = YES;
				CLANG_ENABLE_OBJC_ARC = YES;
				CLANG_ENABLE_OBJC_WEAK = YES;
				CLANG_WARN_BLOCK_CAPTURE_AUTORELEASING = YES;
				CLANG_WARN_BOOL_CONVERSION = YES;
				CLANG_WARN_COMMA = YES;
				CLANG_WARN_CONSTANT_CONVERSION = YES;
				CLANG_WARN_DEPRECATED_OBJC_IMPLEMENTATIONS = YES;
				CLANG_WARN_DIRECT_OBJC_ISA_USAGE = YES_ERROR;
				CLANG_WARN_DOCUMENTATION_COMMENTS = YES;
				CLANG_WARN_EMPTY_BODY = YES;
				CLANG_WARN_ENUM_CONVERSION = YES;
				CLANG_WARN_INFINITE_RECURSION = YES;
				CLANG_WARN_INT_CONVERSION = YES;
				CLANG_WARN_NON_LITERAL_NULL_CONVERSION = YES;
				CLANG_WARN_OBJC_IMPLICIT_RETAIN_SELF = YES;
				CLANG_WARN_OBJC_LITERAL_CONVERSION = YES;
				CLANG_WARN_OBJC_ROOT_CLASS = YES_ERROR;
				CLANG_WARN_RANGE_LOOP_ANALYSIS = YES;
				CLANG_WARN_STRICT_PROTOTYPES = YES;
				CLANG_WARN_SUSPICIOUS_MOVE = YES;
				CLANG_WARN_UNGUARDED_AVAILABILITY = YES_AGGRESSIVE;
				CLANG_WARN_UNREACHABLE_CODE = YES;
				CLANG_WARN__DUPLICATE_METHOD_MATCH = YES;
				CODE_SIGN_IDENTITY = "iPhone Developer";
				COPY_PHASE_STRIP = NO;
				DEBUG_INFORMATION_FORMAT = "dwarf-with-dsym";
				ENABLE_NS_ASSERTIONS = NO;
				ENABLE_STRICT_OBJC_MSGSEND = YES;
				GCC_C_LANGUAGE_STANDARD = gnu11;
				GCC_NO_COMMON_BLOCKS = YES;
				GCC_WARN_64_TO_32_BIT_CONVERSION = YES;
				GCC_WARN_ABOUT_RETURN_TYPE = YES_ERROR;
				GCC_WARN_UNDECLARED_SELECTOR = YES;
				GCC_WARN_UNINITIALIZED_AUTOS = YES_AGGRESSIVE;
				GCC_WARN_UNUSED_FUNCTION = YES;
				GCC_WARN_UNUSED_VARIABLE = YES;
				IPHONEOS_DEPLOYMENT_TARGET = 11.4;
				MTL_ENABLE_DEBUG_INFO = NO;
				SDKROOT = iphoneos;
				SWIFT_COMPILATION_MODE = wholemodule;
				SWIFT_OPTIMIZATION_LEVEL = "-O";
				VALIDATE_PRODUCT = YES;
			};
			name = Release;
		};
		68EA75FD214656C10029D0DA /* Debug */ = {
			isa = XCBuildConfiguration;
			baseConfigurationReference = B24E4710AE1B15521137D88B /* Pods-Task.debug.xcconfig */;
			buildSettings = {
				ASSETCATALOG_COMPILER_APPICON_NAME = AppIcon;
				CODE_SIGN_STYLE = Automatic;
				INFOPLIST_FILE = Task/Info.plist;
				LD_RUNPATH_SEARCH_PATHS = (
					"$(inherited)",
					"@executable_path/Frameworks",
				);
				PRODUCT_BUNDLE_IDENTIFIER = asd.Task;
				PRODUCT_NAME = "$(TARGET_NAME)";
				SWIFT_VERSION = 4.0;
				TARGETED_DEVICE_FAMILY = "1,2";
			};
			name = Debug;
		};
		68EA75FE214656C10029D0DA /* Release */ = {
			isa = XCBuildConfiguration;
			baseConfigurationReference = F7DF273BFB6117E403AA78AA /* Pods-Task.release.xcconfig */;
			buildSettings = {
				ASSETCATALOG_COMPILER_APPICON_NAME = AppIcon;
				CODE_SIGN_STYLE = Automatic;
				INFOPLIST_FILE = Task/Info.plist;
				LD_RUNPATH_SEARCH_PATHS = (
					"$(inherited)",
					"@executable_path/Frameworks",
				);
				PRODUCT_BUNDLE_IDENTIFIER = asd.Task;
				PRODUCT_NAME = "$(TARGET_NAME)";
				SWIFT_VERSION = 4.0;
				TARGETED_DEVICE_FAMILY = "1,2";
			};
			name = Release;
		};
		68EA7600214656C10029D0DA /* Debug */ = {
			isa = XCBuildConfiguration;
			buildSettings = {
				ALWAYS_EMBED_SWIFT_STANDARD_LIBRARIES = YES;
				BUNDLE_LOADER = "$(TEST_HOST)";
				CODE_SIGN_STYLE = Automatic;
				INFOPLIST_FILE = TaskTests/Info.plist;
				LD_RUNPATH_SEARCH_PATHS = (
					"$(inherited)",
					"@executable_path/Frameworks",
					"@loader_path/Frameworks",
				);
				PRODUCT_BUNDLE_IDENTIFIER = asd.TaskTests;
				PRODUCT_NAME = "$(TARGET_NAME)";
				SWIFT_VERSION = 4.0;
				TARGETED_DEVICE_FAMILY = "1,2";
				TEST_HOST = "$(BUILT_PRODUCTS_DIR)/Task.app/Task";
			};
			name = Debug;
		};
		68EA7601214656C10029D0DA /* Release */ = {
			isa = XCBuildConfiguration;
			buildSettings = {
				ALWAYS_EMBED_SWIFT_STANDARD_LIBRARIES = YES;
				BUNDLE_LOADER = "$(TEST_HOST)";
				CODE_SIGN_STYLE = Automatic;
				INFOPLIST_FILE = TaskTests/Info.plist;
				LD_RUNPATH_SEARCH_PATHS = (
					"$(inherited)",
					"@executable_path/Frameworks",
					"@loader_path/Frameworks",
				);
				PRODUCT_BUNDLE_IDENTIFIER = asd.TaskTests;
				PRODUCT_NAME = "$(TARGET_NAME)";
				SWIFT_VERSION = 4.0;
				TARGETED_DEVICE_FAMILY = "1,2";
				TEST_HOST = "$(BUILT_PRODUCTS_DIR)/Task.app/Task";
			};
			name = Release;
		};
		68EA7603214656C10029D0DA /* Debug */ = {
			isa = XCBuildConfiguration;
			buildSettings = {
				ALWAYS_EMBED_SWIFT_STANDARD_LIBRARIES = YES;
				CODE_SIGN_STYLE = Automatic;
				INFOPLIST_FILE = TaskUITests/Info.plist;
				LD_RUNPATH_SEARCH_PATHS = (
					"$(inherited)",
					"@executable_path/Frameworks",
					"@loader_path/Frameworks",
				);
				PRODUCT_BUNDLE_IDENTIFIER = asd.TaskUITests;
				PRODUCT_NAME = "$(TARGET_NAME)";
				SWIFT_VERSION = 4.0;
				TARGETED_DEVICE_FAMILY = "1,2";
				TEST_TARGET_NAME = Task;
			};
			name = Debug;
		};
		68EA7604214656C10029D0DA /* Release */ = {
			isa = XCBuildConfiguration;
			buildSettings = {
				ALWAYS_EMBED_SWIFT_STANDARD_LIBRARIES = YES;
				CODE_SIGN_STYLE = Automatic;
				INFOPLIST_FILE = TaskUITests/Info.plist;
				LD_RUNPATH_SEARCH_PATHS = (
					"$(inherited)",
					"@executable_path/Frameworks",
					"@loader_path/Frameworks",
				);
				PRODUCT_BUNDLE_IDENTIFIER = asd.TaskUITests;
				PRODUCT_NAME = "$(TARGET_NAME)";
				SWIFT_VERSION = 4.0;
				TARGETED_DEVICE_FAMILY = "1,2";
				TEST_TARGET_NAME = Task;
			};
			name = Release;
		};
/* End XCBuildConfiguration section */

/* Begin XCConfigurationList section */
		68EA75CF214656C00029D0DA /* Build configuration list for PBXProject "Task" */ = {
			isa = XCConfigurationList;
			buildConfigurations = (
				68EA75FA214656C10029D0DA /* Debug */,
				68EA75FB214656C10029D0DA /* Release */,
			);
			defaultConfigurationIsVisible = 0;
			defaultConfigurationName = Release;
		};
		68EA75FC214656C10029D0DA /* Build configuration list for PBXNativeTarget "Task" */ = {
			isa = XCConfigurationList;
			buildConfigurations = (
				68EA75FD214656C10029D0DA /* Debug */,
				68EA75FE214656C10029D0DA /* Release */,
			);
			defaultConfigurationIsVisible = 0;
			defaultConfigurationName = Release;
		};
		68EA75FF214656C10029D0DA /* Build configuration list for PBXNativeTarget "TaskTests" */ = {
			isa = XCConfigurationList;
			buildConfigurations = (
				68EA7600214656C10029D0DA /* Debug */,
				68EA7601214656C10029D0DA /* Release */,
			);
			defaultConfigurationIsVisible = 0;
			defaultConfigurationName = Release;
		};
		68EA7602214656C10029D0DA /* Build configuration list for PBXNativeTarget "TaskUITests" */ = {
			isa = XCConfigurationList;
			buildConfigurations = (
				68EA7603214656C10029D0DA /* Debug */,
				68EA7604214656C10029D0DA /* Release */,
			);
			defaultConfigurationIsVisible = 0;
			defaultConfigurationName = Release;
		};
/* End XCConfigurationList section */
	};
	rootObject = 68EA75CC214656C00029D0DA /* Project object */;
}
